
Microsoft Visual Studio Solution File, Format Version 12.00
# Visual Studio Version 17
VisualStudioVersion = 17.11.35303.130
MinimumVisualStudioVersion = 10.0.40219.1
Project("{FAE04EC0-301F-11D3-BF4B-00C04F79EFBC}") = "MyGalaxy_Auction", "MyGalaxy_Auction\MyGalaxy_Auction.csproj", "{CEDA66AD-2B78-4C5B-97C1-8627C0EE8BBB}"
EndProject
Project("{FAE04EC0-301F-11D3-BF4B-00C04F79EFBC}") = "MyGalaxy_Auction_DataAccess", "MyGalaxy_Auction_DataAccess\MyGalaxy_Auction_DataAccess.csproj", "{E41E90F6-69F1-49A3-8777-850C87C8AA8E}"
EndProject
Project("{FAE04EC0-301F-11D3-BF4B-00C04F79EFBC}") = "MyGalaxy_Auction_Business", "MyGalaxy_Auction_Business\MyGalaxy_Auction_Business.csproj", "{08D8A09E-E500-4752-B1F2-1EE38B04D6D1}"
EndProject
Project("{FAE04EC0-301F-11D3-BF4B-00C04F79EFBC}") = "MyGalaxy_Auction_Core", "MyGalaxy_Auction_Core\MyGalaxy_Auction_Core.csproj", "{9E6E8179-57CA-4B04-A015-7C945368AEA9}"
EndProject
Global
	GlobalSection(SolutionConfigurationPlatforms) = preSolution
		Debug|Any CPU = Debug|Any CPU
		Release|Any CPU = Release|Any CPU
	EndGlobalSection
	GlobalSection(ProjectConfigurationPlatforms) = postSolution
		{CEDA66AD-2B78-4C5B-97C1-8627C0EE8BBB}.Debug|Any CPU.ActiveCfg = Debug|Any CPU
		{CEDA66AD-2B78-4C5B-97C1-8627C0EE8BBB}.Debug|Any CPU.Build.0 = Debug|Any CPU
		{CEDA66AD-2B78-4C5B-97C1-8627C0EE8BBB}.Release|Any CPU.ActiveCfg = Release|Any CPU
		{CEDA66AD-2B78-4C5B-97C1-8627C0EE8BBB}.Release|Any CPU.Build.0 = Release|Any CPU
		{E41E90F6-69F1-49A3-8777-850C87C8AA8E}.Debug|Any CPU.ActiveCfg = Debug|Any CPU
		{E41E90F6-69F1-49A3-8777-850C87C8AA8E}.Debug|Any CPU.Build.0 = Debug|Any CPU
		{E41E90F6-69F1-49A3-8777-850C87C8AA8E}.Release|Any CPU.ActiveCfg = Release|Any CPU
		{E41E90F6-69F1-49A3-8777-850C87C8AA8E}.Release|Any CPU.Build.0 = Release|Any CPU
		{08D8A09E-E500-4752-B1F2-1EE38B04D6D1}.Debug|Any CPU.ActiveCfg = Debug|Any CPU
		{08D8A09E-E500-4752-B1F2-1EE38B04D6D1}.Debug|Any CPU.Build.0 = Debug|Any CPU
		{08D8A09E-E500-4752-B1F2-1EE38B04D6D1}.Release|Any CPU.ActiveCfg = Release|Any CPU
		{08D8A09E-E500-4752-B1F2-1EE38B04D6D1}.Release|Any CPU.Build.0 = Release|Any CPU
		{9E6E8179-57CA-4B04-A015-7C945368AEA9}.Debug|Any CPU.ActiveCfg = Debug|Any CPU
		{9E6E8179-57CA-4B04-A015-7C945368AEA9}.Debug|Any CPU.Build.0 = Debug|Any CPU
		{9E6E8179-57CA-4B04-A015-7C945368AEA9}.Release|Any CPU.ActiveCfg = Release|Any CPU
		{9E6E8179-57CA-4B04-A015-7C945368AEA9}.Release|Any CPU.Build.0 = Release|Any CPU
	EndGlobalSection
	GlobalSection(SolutionProperties) = preSolution
		HideSolutionNode = FALSE
	EndGlobalSection
	GlobalSection(ExtensibilityGlobals) = postSolution
		SolutionGuid = {F986814C-C3EB-4BBC-9F98-7D7C395EB1D1}
	EndGlobalSection
EndGlobal
